
Microsoft Visual Studio Solution File, Format Version 12.00
# Visual Studio 15
VisualStudioVersion = 15.0.27130.2027
MinimumVisualStudioVersion = 10.0.40219.1
Project("{FAE04EC0-301F-11D3-BF4B-00C04F79EFBC}") = "ServiceLocator", "ServiceLocator\ServiceLocator.csproj", "{089EEFFD-834E-45BC-9A0B-A4E076BCDCDB}"
EndProject
Project("{FAE04EC0-301F-11D3-BF4B-00C04F79EFBC}") = "ServiceLocator.Tests", "ServiceLocator.Tests\ServiceLocator.Tests.csproj", "{1C9584DF-B16D-463F-9ABE-22102AA977D3}"
EndProject
Project("{FAE04EC0-301F-11D3-BF4B-00C04F79EFBC}") = "WebApplicationTest", "WebApplicationTest\WebApplicationTest.csproj", "{4C2992CB-1ABF-4231-9F63-934A64F769FC}"
EndProject
Global
	GlobalSection(SolutionConfigurationPlatforms) = preSolution
		Debug|Any CPU = Debug|Any CPU
		Release|Any CPU = Release|Any CPU
	EndGlobalSection
	GlobalSection(ProjectConfigurationPlatforms) = postSolution
		{089EEFFD-834E-45BC-9A0B-A4E076BCDCDB}.Debug|Any CPU.ActiveCfg = Debug|Any CPU
		{089EEFFD-834E-45BC-9A0B-A4E076BCDCDB}.Debug|Any CPU.Build.0 = Debug|Any CPU
		{089EEFFD-834E-45BC-9A0B-A4E076BCDCDB}.Release|Any CPU.ActiveCfg = Release|Any CPU
		{089EEFFD-834E-45BC-9A0B-A4E076BCDCDB}.Release|Any CPU.Build.0 = Release|Any CPU
		{1C9584DF-B16D-463F-9ABE-22102AA977D3}.Debug|Any CPU.ActiveCfg = Debug|Any CPU
		{1C9584DF-B16D-463F-9ABE-22102AA977D3}.Debug|Any CPU.Build.0 = Debug|Any CPU
		{1C9584DF-B16D-463F-9ABE-22102AA977D3}.Release|Any CPU.ActiveCfg = Release|Any CPU
		{1C9584DF-B16D-463F-9ABE-22102AA977D3}.Release|Any CPU.Build.0 = Release|Any CPU
		{4C2992CB-1ABF-4231-9F63-934A64F769FC}.Debug|Any CPU.ActiveCfg = Debug|Any CPU
		{4C2992CB-1ABF-4231-9F63-934A64F769FC}.Debug|Any CPU.Build.0 = Debug|Any CPU
		{4C2992CB-1ABF-4231-9F63-934A64F769FC}.Release|Any CPU.ActiveCfg = Release|Any CPU
		{4C2992CB-1ABF-4231-9F63-934A64F769FC}.Release|Any CPU.Build.0 = Release|Any CPU
	EndGlobalSection
	GlobalSection(SolutionProperties) = preSolution
		HideSolutionNode = FALSE
	EndGlobalSection
	GlobalSection(ExtensibilityGlobals) = postSolution
		SolutionGuid = {C1BB7310-5F1B-4EC1-A616-C6A2A111B980}
	EndGlobalSection
EndGlobal
